
Microsoft Visual Studio Solution File, Format Version 12.00
# Visual Studio Version 16
VisualStudioVersion = 16.0.29519.87
MinimumVisualStudioVersion = 10.0.40219.1
Project("{FAE04EC0-301F-11D3-BF4B-00C04F79EFBC}") = "AmountToChineseString", "AmountToChineseString\AmountToChineseString.csproj", "{DB8B5879-8689-4D98-A3BC-698CE6389A1F}"
EndProject
Global
	GlobalSection(SolutionConfigurationPlatforms) = preSolution
		Debug|Any CPU = Debug|Any CPU
		Release|Any CPU = Release|Any CPU
	EndGlobalSection
	GlobalSection(ProjectConfigurationPlatforms) = postSolution
		{DB8B5879-8689-4D98-A3BC-698CE6389A1F}.Debug|Any CPU.ActiveCfg = Debug|Any CPU
		{DB8B5879-8689-4D98-A3BC-698CE6389A1F}.Debug|Any CPU.Build.0 = Debug|Any CPU
		{DB8B5879-8689-4D98-A3BC-698CE6389A1F}.Release|Any CPU.ActiveCfg = Release|Any CPU
		{DB8B5879-8689-4D98-A3BC-698CE6389A1F}.Release|Any CPU.Build.0 = Release|Any CPU
	EndGlobalSection
	GlobalSection(SolutionProperties) = preSolution
		HideSolutionNode = FALSE
	EndGlobalSection
	GlobalSection(ExtensibilityGlobals) = postSolution
		SolutionGuid = {E6F53AA2-021B-4681-9671-DC369AD3D4E1}
	EndGlobalSection
EndGlobal
